schema: '2.0'
stages:
  train:
    cmd: python models/train.py  data/dataset.csv model/model.pkl
    deps:
    - path: data/dataset.csv
      hash: md5
      md5: 56fed1ae89ea9147ad926f62becd0c9c
      size: 13252
    - path: models/train.py
      hash: md5
      md5: cce04112e8fdf11dd93810a1f5f388ba
      size: 7701
    outs:
    - path: model/model.pkl
      hash: md5
      md5: cc6ca79892a3db36e6246495b646c339
      size: 333563
